// !$*UTF8*$!
{
	archiveVersion = 1;
	classes = {
	};
	objectVersion = 50;
	objects = {

/* Begin PBXBuildFile section */
		BA30278F243E2B980037A7E3 /* AppDelegate.swift in Sources */ = {isa = PBXBuildFile; fileRef = BA30278E243E2B980037A7E3 /* AppDelegate.swift */; };
		BA302791243E2B980037A7E3 /* SceneDelegate.swift in Sources */ = {isa = PBXBuildFile; fileRef = BA302790243E2B980037A7E3 /* SceneDelegate.swift */; };
		BA302793243E2B980037A7E3 /* ViewController.swift in Sources */ = {isa = PBXBuildFile; fileRef = BA302792243E2B980037A7E3 /* ViewController.swift */; };
		BA302796243E2B980037A7E3 /* Main.storyboard in Resources */ = {isa = PBXBuildFile; fileRef = BA302794243E2B980037A7E3 /* Main.storyboard */; };
		BA302798243E2B9A0037A7E3 /* Assets.xcassets in Resources */ = {isa = PBXBuildFile; fileRef = BA302797243E2B9A0037A7E3 /* Assets.xcassets */; };
		BA30279B243E2B9A0037A7E3 /* LaunchScreen.storyboard in Resources */ = {isa = PBXBuildFile; fileRef = BA302799243E2B9A0037A7E3 /* LaunchScreen.storyboard */; };
		BA3027A6243E2B9A0037A7E3 /* Homework_8Tests.swift in Sources */ = {isa = PBXBuildFile; fileRef = BA3027A5243E2B9A0037A7E3 /* Homework_8Tests.swift */; };
		BA3027B1243E2B9A0037A7E3 /* Homework_8UITests.swift in Sources */ = {isa = PBXBuildFile; fileRef = BA3027B0243E2B9A0037A7E3 /* Homework_8UITests.swift */; };
/* End PBXBuildFile section */

/* Begin PBXContainerItemProxy section */
		BA3027A2243E2B9A0037A7E3 /* PBXContainerItemProxy */ = {
			isa = PBXContainerItemProxy;
			containerPortal = BA302783243E2B980037A7E3 /* Project object */;
			proxyType = 1;
			remoteGlobalIDString = BA30278A243E2B980037A7E3;
			remoteInfo = "Homework 8";
		};
		BA3027AD243E2B9A0037A7E3 /* PBXContainerItemProxy */ = {
			isa = PBXContainerItemProxy;
			containerPortal = BA302783243E2B980037A7E3 /* Project object */;
			proxyType = 1;
			remoteGlobalIDString = BA30278A243E2B980037A7E3;
			remoteInfo = "Homework 8";
		};
/* End PBXContainerItemProxy section */

/* Begin PBXFileReference section */
		BA30278B243E2B980037A7E3 /* Homework 8.app */ = {isa = PBXFileReference; explicitFileType = wrapper.application; includeInIndex = 0; path = "Homework 8.app"; sourceTree = BUILT_PRODUCTS_DIR; };
		BA30278E243E2B980037A7E3 /* AppDelegate.swift */ = {isa = PBXFileReference; lastKnownFileType = sourcecode.swift; path = AppDelegate.swift; sourceTree = "<group>"; };
		BA302790243E2B980037A7E3 /* SceneDelegate.swift */ = {isa = PBXFileReference; lastKnownFileType = sourcecode.swift; path = SceneDelegate.swift; sourceTree = "<group>"; };
		BA302792243E2B980037A7E3 /* ViewController.swift */ = {isa = PBXFileReference; lastKnownFileType = sourcecode.swift; path = ViewController.swift; sourceTree = "<group>"; };
		BA302795243E2B980037A7E3 /* Base */ = {isa = PBXFileReference; lastKnownFileType = file.storyboard; name = Base; path = Base.lproj/Main.storyboard; sourceTree = "<group>"; };
		BA302797243E2B9A0037A7E3 /* Assets.xcassets */ = {isa = PBXFileReference; lastKnownFileType = folder.assetcatalog; path = Assets.xcassets; sourceTree = "<group>"; };
		BA30279A243E2B9A0037A7E3 /* Base */ = {isa = PBXFileReference; lastKnownFileType = file.storyboard; name = Base; path = Base.lproj/LaunchScreen.storyboard; sourceTree = "<group>"; };
		BA30279C243E2B9A0037A7E3 /* Info.plist */ = {isa = PBXFileReference; lastKnownFileType = text.plist.xml; path = Info.plist; sourceTree = "<group>"; };
		BA3027A1243E2B9A0037A7E3 /* Homework 8Tests.xctest */ = {isa = PBXFileReference; explicitFileType = wrapper.cfbundle; includeInIndex = 0; path = "Homework 8Tests.xctest"; sourceTree = BUILT_PRODUCTS_DIR; };
		BA3027A5243E2B9A0037A7E3 /* Homework_8Tests.swift */ = {isa = PBXFileReference; lastKnownFileType = sourcecode.swift; path = Homework_8Tests.swift; sourceTree = "<group>"; };
		BA3027A7243E2B9A0037A7E3 /* Info.plist */ = {isa = PBXFileReference; lastKnownFileType = text.plist.xml; path = Info.plist; sourceTree = "<group>"; };
		BA3027AC243E2B9A0037A7E3 /* Homework 8UITests.xctest */ = {isa = PBXFileReference; explicitFileType = wrapper.cfbundle; includeInIndex = 0; path = "Homework 8UITests.xctest"; sourceTree = BUILT_PRODUCTS_DIR; };
		BA3027B0243E2B9A0037A7E3 /* Homework_8UITests.swift */ = {isa = PBXFileReference; lastKnownFileType = sourcecode.swift; path = Homework_8UITests.swift; sourceTree = "<group>"; };
		BA3027B2243E2B9A0037A7E3 /* Info.plist */ = {isa = PBXFileReference; lastKnownFileType = text.plist.xml; path = Info.plist; sourceTree = "<group>"; };
/* End PBXFileReference section */

/* Begin PBXFrameworksBuildPhase section */
		BA302788243E2B980037A7E3 /* Frameworks */ = {
			isa = PBXFrameworksBuildPhase;
			buildActionMask = 2147483647;
			files = (
			);
			runOnlyForDeploymentPostprocessing = 0;
		};
		BA30279E243E2B9A0037A7E3 /* Frameworks */ = {
			isa = PBXFrameworksBuildPhase;
			buildActionMask = 2147483647;
			files = (
			);
			runOnlyForDeploymentPostprocessing = 0;
		};
		BA3027A9243E2B9A0037A7E3 /* Frameworks */ = {
			isa = PBXFrameworksBuildPhase;
			buildActionMask = 2147483647;
			files = (
			);
			runOnlyForDeploymentPostprocessing = 0;
		};
/* End PBXFrameworksBuildPhase section */

/* Begin PBXGroup section */
		BA302782243E2B980037A7E3 = {
			isa = PBXGroup;
			children = (
				BA30278D243E2B980037A7E3 /* Homework 8 */,
				BA3027A4243E2B9A0037A7E3 /* Homework 8Tests */,
				BA3027AF243E2B9A0037A7E3 /* Homework 8UITests */,
				BA30278C243E2B980037A7E3 /* Products */,
			);
			sourceTree = "<group>";
		};
		BA30278C243E2B980037A7E3 /* Products */ = {
			isa = PBXGroup;
			children = (
				BA30278B243E2B980037A7E3 /* Homework 8.app */,
				BA3027A1243E2B9A0037A7E3 /* Homework 8Tests.xctest */,
				BA3027AC243E2B9A0037A7E3 /* Homework 8UITests.xctest */,
			);
			name = Products;
			sourceTree = "<group>";
		};
		BA30278D243E2B980037A7E3 /* Homework 8 */ = {
			isa = PBXGroup;
			children = (
				BA30278E243E2B980037A7E3 /* AppDelegate.swift */,
				BA302790243E2B980037A7E3 /* SceneDelegate.swift */,
				BA302792243E2B980037A7E3 /* ViewController.swift */,
				BA302794243E2B980037A7E3 /* Main.storyboard */,
				BA302797243E2B9A0037A7E3 /* Assets.xcassets */,
				BA302799243E2B9A0037A7E3 /* LaunchScreen.storyboard */,
				BA30279C243E2B9A0037A7E3 /* Info.plist */,
			);
			path = "Homework 8";
			sourceTree = "<group>";
		};
		BA3027A4243E2B9A0037A7E3 /* Homework 8Tests */ = {
			isa = PBXGroup;
			children = (
				BA3027A5243E2B9A0037A7E3 /* Homework_8Tests.swift */,
				BA3027A7243E2B9A0037A7E3 /* Info.plist */,
			);
			path = "Homework 8Tests";
			sourceTree = "<group>";
		};
		BA3027AF243E2B9A0037A7E3 /* Homework 8UITests */ = {
			isa = PBXGroup;
			children = (
				BA3027B0243E2B9A0037A7E3 /* Homework_8UITests.swift */,
				BA3027B2243E2B9A0037A7E3 /* Info.plist */,
			);
			path = "Homework 8UITests";
			sourceTree = "<group>";
		};
/* End PBXGroup section */

/* Begin PBXNativeTarget section */
		BA30278A243E2B980037A7E3 /* Homework 8 */ = {
			isa = PBXNativeTarget;
			buildConfigurationList = BA3027B5243E2B9A0037A7E3 /* Build configuration list for PBXNativeTarget "Homework 8" */;
			buildPhases = (
				BA302787243E2B980037A7E3 /* Sources */,
				BA302788243E2B980037A7E3 /* Frameworks */,
				BA302789243E2B980037A7E3 /* Resources */,
			);
			buildRules = (
			);
			dependencies = (
			);
			name = "Homework 8";
			productName = "Homework 8";
			productReference = BA30278B243E2B980037A7E3 /* Homework 8.app */;
			productType = "com.apple.product-type.application";
		};
		BA3027A0243E2B9A0037A7E3 /* Homework 8Tests */ = {
			isa = PBXNativeTarget;
			buildConfigurationList = BA3027B8243E2B9A0037A7E3 /* Build configuration list for PBXNativeTarget "Homework 8Tests" */;
			buildPhases = (
				BA30279D243E2B9A0037A7E3 /* Sources */,
				BA30279E243E2B9A0037A7E3 /* Frameworks */,
				BA30279F243E2B9A0037A7E3 /* Resources */,
			);
			buildRules = (
			);
			dependencies = (
				BA3027A3243E2B9A0037A7E3 /* PBXTargetDependency */,
			);
			name = "Homework 8Tests";
			productName = "Homework 8Tests";
			productReference = BA3027A1243E2B9A0037A7E3 /* Homework 8Tests.xctest */;
			productType = "com.apple.product-type.bundle.unit-test";
		};
		BA3027AB243E2B9A0037A7E3 /* Homework 8UITests */ = {
			isa = PBXNativeTarget;
			buildConfigurationList = BA3027BB243E2B9A0037A7E3 /* Build configuration list for PBXNativeTarget "Homework 8UITests" */;
			buildPhases = (
				BA3027A8243E2B9A0037A7E3 /* Sources */,
				BA3027A9243E2B9A0037A7E3 /* Frameworks */,
				BA3027AA243E2B9A0037A7E3 /* Resources */,
			);
			buildRules = (
			);
			dependencies = (
				BA3027AE243E2B9A0037A7E3 /* PBXTargetDependency */,
			);
			name = "Homework 8UITests";
			productName = "Homework 8UITests";
			productReference = BA3027AC243E2B9A0037A7E3 /* Homework 8UITests.xctest */;
			productType = "com.apple.product-type.bundle.ui-testing";
		};
/* End PBXNativeTarget section */

/* Begin PBXProject section */
		BA302783243E2B980037A7E3 /* Project object */ = {
			isa = PBXProject;
			attributes = {
				LastSwiftUpdateCheck = 1130;
				LastUpgradeCheck = 1130;
				ORGANIZATIONNAME = "Maxwell Marlatt";
				TargetAttributes = {
					BA30278A243E2B980037A7E3 = {
						CreatedOnToolsVersion = 11.3.1;
					};
					BA3027A0243E2B9A0037A7E3 = {
						CreatedOnToolsVersion = 11.3.1;
						TestTargetID = BA30278A243E2B980037A7E3;
					};
					BA3027AB243E2B9A0037A7E3 = {
						CreatedOnToolsVersion = 11.3.1;
						TestTargetID = BA30278A243E2B980037A7E3;
					};
				};
			};
			buildConfigurationList = BA302786243E2B980037A7E3 /* Build configuration list for PBXProject "Homework 8" */;
			compatibilityVersion = "Xcode 9.3";
			developmentRegion = en;
			hasScannedForEncodings = 0;
			knownRegions = (
				en,
				Base,
			);
			mainGroup = BA302782243E2B980037A7E3;
			productRefGroup = BA30278C243E2B980037A7E3 /* Products */;
			projectDirPath = "";
			projectRoot = "";
			targets = (
				BA30278A243E2B980037A7E3 /* Homework 8 */,
				BA3027A0243E2B9A0037A7E3 /* Homework 8Tests */,
				BA3027AB243E2B9A0037A7E3 /* Homework 8UITests */,
			);
		};
/* End PBXProject section */

/* Begin PBXResourcesBuildPhase section */
		BA302789243E2B980037A7E3 /* Resources */ = {
			isa = PBXResourcesBuildPhase;
			buildActionMask = 2147483647;
			files = (
				BA30279B243E2B9A0037A7E3 /* LaunchScreen.storyboard in Resources */,
				BA302798243E2B9A0037A7E3 /* Assets.xcassets in Resources */,
				BA302796243E2B980037A7E3 /* Main.storyboard in Resources */,
			);
			runOnlyForDeploymentPostprocessing = 0;
		};
		BA30279F243E2B9A0037A7E3 /* Resources */ = {
			isa = PBXResourcesBuildPhase;
			buildActionMask = 2147483647;
			files = (
			);
			runOnlyForDeploymentPostprocessing = 0;
		};
		BA3027AA243E2B9A0037A7E3 /* Resources */ = {
			isa = PBXResourcesBuildPhase;
			buildActionMask = 2147483647;
			files = (
			);
			runOnlyForDeploymentPostprocessing = 0;
		};
/* End PBXResourcesBuildPhase section */

/* Begin PBXSourcesBuildPhase section */
		BA302787243E2B980037A7E3 /* Sources */ = {
			isa = PBXSourcesBuildPhase;
			buildActionMask = 2147483647;
			files = (
				BA302793243E2B980037A7E3 /* ViewController.swift in Sources */,
				BA30278F243E2B980037A7E3 /* AppDelegate.swift in Sources */,
				BA302791243E2B980037A7E3 /* SceneDelegate.swift in Sources */,
			);
			runOnlyForDeploymentPostprocessing = 0;
		};
		BA30279D243E2B9A0037A7E3 /* Sources */ = {
			isa = PBXSourcesBuildPhase;
			buildActionMask = 2147483647;
			files = (
				BA3027A6243E2B9A0037A7E3 /* Homework_8Tests.swift in Sources */,
			);
			runOnlyForDeploymentPostprocessing = 0;
		};
		BA3027A8243E2B9A0037A7E3 /* Sources */ = {
			isa = PBXSourcesBuildPhase;
			buildActionMask = 2147483647;
			files = (
				BA3027B1243E2B9A0037A7E3 /* Homework_8UITests.swift in Sources */,
			);
			runOnlyForDeploymentPostprocessing = 0;
		};
/* End PBXSourcesBuildPhase section */

/* Begin PBXTargetDependency section */
		BA3027A3243E2B9A0037A7E3 /* PBXTargetDependency */ = {
			isa = PBXTargetDependency;
			target = BA30278A243E2B980037A7E3 /* Homework 8 */;
			targetProxy = BA3027A2243E2B9A0037A7E3 /* PBXContainerItemProxy */;
		};
		BA3027AE243E2B9A0037A7E3 /* PBXTargetDependency */ = {
			isa = PBXTargetDependency;
			target = BA30278A243E2B980037A7E3 /* Homework 8 */;
			targetProxy = BA3027AD243E2B9A0037A7E3 /* PBXContainerItemProxy */;
		};
/* End PBXTargetDependency section */

/* Begin PBXVariantGroup section */
		BA302794243E2B980037A7E3 /* Main.storyboard */ = {
			isa = PBXVariantGroup;
			children = (
				BA302795243E2B980037A7E3 /* Base */,
			);
			name = Main.storyboard;
			sourceTree = "<group>";
		};
		BA302799243E2B9A0037A7E3 /* LaunchScreen.storyboard */ = {
			isa = PBXVariantGroup;
			children = (
				BA30279A243E2B9A0037A7E3 /* Base */,
			);
			name = LaunchScreen.storyboard;
			sourceTree = "<group>";
		};
/* End PBXVariantGroup section */

/* Begin XCBuildConfiguration section */
		BA3027B3243E2B9A0037A7E3 /* Debug */ = {
			isa = XCBuildConfiguration;
			buildSettings = {
				ALWAYS_SEARCH_USER_PATHS = NO;
				CLANG_ANALYZER_NONNULL = YES;
				CLANG_ANALYZER_NUMBER_OBJECT_CONVERSION = YES_AGGRESSIVE;
				CLANG_CXX_LANGUAGE_STANDARD = "gnu++14";
				CLANG_CXX_LIBRARY = "libc++";
				CLANG_ENABLE_MODULES = YES;
				CLANG_ENABLE_OBJC_ARC = YES;
				CLANG_ENABLE_OBJC_WEAK = YES;
				CLANG_WARN_BLOCK_CAPTURE_AUTORELEASING = YES;
				CLANG_WARN_BOOL_CONVERSION = YES;
				CLANG_WARN_COMMA = YES;
				CLANG_WARN_CONSTANT_CONVERSION = YES;
				CLANG_WARN_DEPRECATED_OBJC_IMPLEMENTATIONS = YES;
				CLANG_WARN_DIRECT_OBJC_ISA_USAGE = YES_ERROR;
				CLANG_WARN_DOCUMENTATION_COMMENTS = YES;
				CLANG_WARN_EMPTY_BODY = YES;
				CLANG_WARN_ENUM_CONVERSION = YES;
				CLANG_WARN_INFINITE_RECURSION = YES;
				CLANG_WARN_INT_CONVERSION = YES;
				CLANG_WARN_NON_LITERAL_NULL_CONVERSION = YES;
				CLANG_WARN_OBJC_IMPLICIT_RETAIN_SELF = YES;
				CLANG_WARN_OBJC_LITERAL_CONVERSION = YES;
				CLANG_WARN_OBJC_ROOT_CLASS = YES_ERROR;
				CLANG_WARN_RANGE_LOOP_ANALYSIS = YES;
				CLANG_WARN_STRICT_PROTOTYPES = YES;
				CLANG_WARN_SUSPICIOUS_MOVE = YES;
				CLANG_WARN_UNGUARDED_AVAILABILITY = YES_AGGRESSIVE;
				CLANG_WARN_UNREACHABLE_CODE = YES;
				CLANG_WARN__DUPLICATE_METHOD_MATCH = YES;
				COPY_PHASE_STRIP = NO;
				DEBUG_INFORMATION_FORMAT = dwarf;
				ENABLE_STRICT_OBJC_MSGSEND = YES;
				ENABLE_TESTABILITY = YES;
				GCC_C_LANGUAGE_STANDARD = gnu11;
				GCC_DYNAMIC_NO_PIC = NO;
				GCC_NO_COMMON_BLOCKS = YES;
				GCC_OPTIMIZATION_LEVEL = 0;
				GCC_PREPROCESSOR_DEFINITIONS = (
					"DEBUG=1",
					"$(inherited)",
				);
				GCC_WARN_64_TO_32_BIT_CONVERSION = YES;
				GCC_WARN_ABOUT_RETURN_TYPE = YES_ERROR;
				GCC_WARN_UNDECLARED_SELECTOR = YES;
				GCC_WARN_UNINITIALIZED_AUTOS = YES_AGGRESSIVE;
				GCC_WARN_UNUSED_FUNCTION = YES;
				GCC_WARN_UNUSED_VARIABLE = YES;
				IPHONEOS_DEPLOYMENT_TARGET = 13.2;
				MTL_ENABLE_DEBUG_INFO = INCLUDE_SOURCE;
				MTL_FAST_MATH = YES;
				ONLY_ACTIVE_ARCH = YES;
				SDKROOT = iphoneos;
				SWIFT_ACTIVE_COMPILATION_CONDITIONS = DEBUG;
				SWIFT_OPTIMIZATION_LEVEL = "-Onone";
			};
			name = Debug;
		};
		BA3027B4243E2B9A0037A7E3 /* Release */ = {
			isa = XCBuildConfiguration;
			buildSettings = {
				ALWAYS_SEARCH_USER_PATHS = NO;
				CLANG_ANALYZER_NONNULL = YES;
				CLANG_ANALYZER_NUMBER_OBJECT_CONVERSION = YES_AGGRESSIVE;
				CLANG_CXX_LANGUAGE_STANDARD = "gnu++14";
				CLANG_CXX_LIBRARY = "libc++";
				CLANG_ENABLE_MODULES = YES;
				CLANG_ENABLE_OBJC_ARC = YES;
				CLANG_ENABLE_OBJC_WEAK = YES;
				CLANG_WARN_BLOCK_CAPTURE_AUTORELEASING = YES;
				CLANG_WARN_BOOL_CONVERSION = YES;
				CLANG_WARN_COMMA = YES;
				CLANG_WARN_CONSTANT_CONVERSION = YES;
				CLANG_WARN_DEPRECATED_OBJC_IMPLEMENTATIONS = YES;
				CLANG_WARN_DIRECT_OBJC_ISA_USAGE = YES_ERROR;
				CLANG_WARN_DOCUMENTATION_COMMENTS = YES;
				CLANG_WARN_EMPTY_BODY = YES;
				CLANG_WARN_ENUM_CONVERSION = YES;
				CLANG_WARN_INFINITE_RECURSION = YES;
				CLANG_WARN_INT_CONVERSION = YES;
				CLANG_WARN_NON_LITERAL_NULL_CONVERSION = YES;
				CLANG_WARN_OBJC_IMPLICIT_RETAIN_SELF = YES;
				CLANG_WARN_OBJC_LITERAL_CONVERSION = YES;
				CLANG_WARN_OBJC_ROOT_CLASS = YES_ERROR;
				CLANG_WARN_RANGE_LOOP_ANALYSIS = YES;
				CLANG_WARN_STRICT_PROTOTYPES = YES;
				CLANG_WARN_SUSPICIOUS_MOVE = YES;
				CLANG_WARN_UNGUARDED_AVAILABILITY = YES_AGGRESSIVE;
				CLANG_WARN_UNREACHABLE_CODE = YES;
				CLANG_WARN__DUPLICATE_METHOD_MATCH = YES;
				COPY_PHASE_STRIP = NO;
				DEBUG_INFORMATION_FORMAT = "dwarf-with-dsym";
				ENABLE_NS_ASSERTIONS = NO;
				ENABLE_STRICT_OBJC_MSGSEND = YES;
				GCC_C_LANGUAGE_STANDARD = gnu11;
				GCC_NO_COMMON_BLOCKS = YES;
				GCC_WARN_64_TO_32_BIT_CONVERSION = YES;
				GCC_WARN_ABOUT_RETURN_TYPE = YES_ERROR;
				GCC_WARN_UNDECLARED_SELECTOR = YES;
				GCC_WARN_UNINITIALIZED_AUTOS = YES_AGGRESSIVE;
				GCC_WARN_UNUSED_FUNCTION = YES;
				GCC_WARN_UNUSED_VARIABLE = YES;
				IPHONEOS_DEPLOYMENT_TARGET = 13.2;
				MTL_ENABLE_DEBUG_INFO = NO;
				MTL_FAST_MATH = YES;
				SDKROOT = iphoneos;
				SWIFT_COMPILATION_MODE = wholemodule;
				SWIFT_OPTIMIZATION_LEVEL = "-O";
				VALIDATE_PRODUCT = YES;
			};
			name = Release;
		};
		BA3027B6243E2B9A0037A7E3 /* Debug */ = {
			isa = XCBuildConfiguration;
			buildSettings = {
				ASSETCATALOG_COMPILER_APPICON_NAME = AppIcon;
				CODE_SIGN_STYLE = Automatic;
				DEVELOPMENT_TEAM = 42AWND7Y5U;
				INFOPLIST_FILE = "Homework 8/Info.plist";
				LD_RUNPATH_SEARCH_PATHS = (
					"$(inherited)",
					"@executable_path/Frameworks",
				);
				PRODUCT_BUNDLE_IDENTIFIER = "MaxwellMarlatt.Homework-8";
				PRODUCT_NAME = "$(TARGET_NAME)";
				SWIFT_VERSION = 5.0;
				TARGETED_DEVICE_FAMILY = "1,2";
			};
			name = Debug;
		};
		BA3027B7243E2B9A0037A7E3 /* Release */ = {
			isa = XCBuildConfiguration;
			buildSettings = {
				ASSETCATALOG_COMPILER_APPICON_NAME = AppIcon;
				CODE_SIGN_STYLE = Automatic;
				DEVELOPMENT_TEAM = 42AWND7Y5U;
				INFOPLIST_FILE = "Homework 8/Info.plist";
				LD_RUNPATH_SEARCH_PATHS = (
					"$(inherited)",
					"@executable_path/Frameworks",
				);
				PRODUCT_BUNDLE_IDENTIFIER = "MaxwellMarlatt.Homework-8";
				PRODUCT_NAME = "$(TARGET_NAME)";
				SWIFT_VERSION = 5.0;
				TARGETED_DEVICE_FAMILY = "1,2";
			};
			name = Release;
		};
		BA3027B9243E2B9A0037A7E3 /* Debug */ = {
			isa = XCBuildConfiguration;
			buildSettings = {
				ALWAYS_EMBED_SWIFT_STANDARD_LIBRARIES = YES;
				BUNDLE_LOADER = "$(TEST_HOST)";
				CODE_SIGN_STYLE = Automatic;
				DEVELOPMENT_TEAM = 42AWND7Y5U;
				INFOPLIST_FILE = "Homework 8Tests/Info.plist";
				IPHONEOS_DEPLOYMENT_TARGET = 13.2;
				LD_RUNPATH_SEARCH_PATHS = (
					"$(inherited)",
					"@executable_path/Frameworks",
					"@loader_path/Frameworks",
				);
				PRODUCT_BUNDLE_IDENTIFIER = "MaxwellMarlatt.Homework-8Tests";
				PRODUCT_NAME = "$(TARGET_NAME)";
				SWIFT_VERSION = 5.0;
				TARGETED_DEVICE_FAMILY = "1,2";
				TEST_HOST = "$(BUILT_PRODUCTS_DIR)/Homework 8.app/Homework 8";
			};
			name = Debug;
		};
		BA3027BA243E2B9A0037A7E3 /* Release */ = {
			isa = XCBuildConfiguration;
			buildSettings = {
				ALWAYS_EMBED_SWIFT_STANDARD_LIBRARIES = YES;
				BUNDLE_LOADER = "$(TEST_HOST)";
				CODE_SIGN_STYLE = Automatic;
				DEVELOPMENT_TEAM = 42AWND7Y5U;
				INFOPLIST_FILE = "Homework 8Tests/Info.plist";
				IPHONEOS_DEPLOYMENT_TARGET = 13.2;
				LD_RUNPATH_SEARCH_PATHS = (
					"$(inherited)",
					"@executable_path/Frameworks",
					"@loader_path/Frameworks",
				);
				PRODUCT_BUNDLE_IDENTIFIER = "MaxwellMarlatt.Homework-8Tests";
				PRODUCT_NAME = "$(TARGET_NAME)";
				SWIFT_VERSION = 5.0;
				TARGETED_DEVICE_FAMILY = "1,2";
				TEST_HOST = "$(BUILT_PRODUCTS_DIR)/Homework 8.app/Homework 8";
			};
			name = Release;
		};
		BA3027BC243E2B9A0037A7E3 /* Debug */ = {
			isa = XCBuildConfiguration;
			buildSettings = {
				ALWAYS_EMBED_SWIFT_STANDARD_LIBRARIES = YES;
				CODE_SIGN_STYLE = Automatic;
				DEVELOPMENT_TEAM = 42AWND7Y5U;
				INFOPLIST_FILE = "Homework 8UITests/Info.plist";
				LD_RUNPATH_SEARCH_PATHS = (
					"$(inherited)",
					"@executable_path/Frameworks",
					"@loader_path/Frameworks",
				);
				PRODUCT_BUNDLE_IDENTIFIER = "MaxwellMarlatt.Homework-8UITests";
				PRODUCT_NAME = "$(TARGET_NAME)";
				SWIFT_VERSION = 5.0;
				TARGETED_DEVICE_FAMILY = "1,2";
				TEST_TARGET_NAME = "Homework 8";
			};
			name = Debug;
		};
		BA3027BD243E2B9A0037A7E3 /* Release */ = {
			isa = XCBuildConfiguration;
			buildSettings = {
				ALWAYS_EMBED_SWIFT_STANDARD_LIBRARIES = YES;
				CODE_SIGN_STYLE = Automatic;
				DEVELOPMENT_TEAM = 42AWND7Y5U;
				INFOPLIST_FILE = "Homework 8UITests/Info.plist";
				LD_RUNPATH_SEARCH_PATHS = (
					"$(inherited)",
					"@executable_path/Frameworks",
					"@loader_path/Frameworks",
				);
				PRODUCT_BUNDLE_IDENTIFIER = "MaxwellMarlatt.Homework-8UITests";
				PRODUCT_NAME = "$(TARGET_NAME)";
				SWIFT_VERSION = 5.0;
				TARGETED_DEVICE_FAMILY = "1,2";
				TEST_TARGET_NAME = "Homework 8";
			};
			name = Release;
		};
/* End XCBuildConfiguration section */

/* Begin XCConfigurationList section */
		BA302786243E2B980037A7E3 /* Build configuration list for PBXProject "Homework 8" */ = {
			isa = XCConfigurationList;
			buildConfigurations = (
				BA3027B3243E2B9A0037A7E3 /* Debug */,
				BA3027B4243E2B9A0037A7E3 /* Release */,
			);
			defaultConfigurationIsVisible = 0;
			defaultConfigurationName = Release;
		};
		BA3027B5243E2B9A0037A7E3 /* Build configuration list for PBXNativeTarget "Homework 8" */ = {
			isa = XCConfigurationList;
			buildConfigurations = (
				BA3027B6243E2B9A0037A7E3 /* Debug */,
				BA3027B7243E2B9A0037A7E3 /* Release */,
			);
			defaultConfigurationIsVisible = 0;
			defaultConfigurationName = Release;
		};
		BA3027B8243E2B9A0037A7E3 /* Build configuration list for PBXNativeTarget "Homework 8Tests" */ = {
			isa = XCConfigurationList;
			buildConfigurations = (
				BA3027B9243E2B9A0037A7E3 /* Debug */,
				BA3027BA243E2B9A0037A7E3 /* Release */,
			);
			defaultConfigurationIsVisible = 0;
			defaultConfigurationName = Release;
		};
		BA3027BB243E2B9A0037A7E3 /* Build configuration list for PBXNativeTarget "Homework 8UITests" */ = {
			isa = XCConfigurationList;
			buildConfigurations = (
				BA3027BC243E2B9A0037A7E3 /* Debug */,
				BA3027BD243E2B9A0037A7E3 /* Release */,
			);
			defaultConfigurationIsVisible = 0;
			defaultConfigurationName = Release;
		};
/* End XCConfigurationList section */
	};
	rootObject = BA302783243E2B980037A7E3 /* Project object */;
}
